{
	"name": "@bloks/numbers",
	"version": "23.0.2",
	"lockfileVersion": 2,
	"requires": true,
	"packages": {
		"": {
			"name": "@bloks/numbers",
			"version": "22.0.89",
			"license": "MIT",
			"dependencies": {
				"@jafri/numbro": "^2.3.3",
				"bignumber.js": "^9.0.1",
				"dayjs": "^1.8.18"
			}
		},
		"node_modules/@jafri/numbro": {
			"version": "2.3.3",
			"resolved": "https://registry.npmjs.org/@jafri/numbro/-/numbro-2.3.3.tgz",
			"integrity": "sha512-ybPYLHXJSn6uFXRWoVSDnLrgy5mkVTgsyr2Q5ZNb76P9NNbWcuxzPMVUfpuNGIGlOQ5p+Z5EzOCwJyeEC9ox8Q==",
			"dependencies": {
				"bignumber.js": "^9.0.1"
			},
			"engines": {
				"node": "*"
			}
		},
		"node_modules/bignumber.js": {
			"version": "9.0.1",
			"resolved": "https://registry.npmjs.org/bignumber.js/-/bignumber.js-9.0.1.tgz",
			"integrity": "sha512-IdZR9mh6ahOBv/hYGiXyVuyCetmGJhtYkqLBpTStdhEGjegpPlUawydyaF3pbIOFynJTpllEs+NP+CS9jKFLjA==",
			"engines": {
				"node": "*"
			}
		},
		"node_modules/dayjs": {
			"version": "1.10.5",
			"resolved": "https://registry.npmjs.org/dayjs/-/dayjs-1.10.5.tgz",
			"integrity": "sha512-BUFis41ikLz+65iH6LHQCDm4YPMj5r1YFLdupPIyM4SGcXMmtiLQ7U37i+hGS8urIuqe7I/ou3IS1jVc4nbN4g=="
		}
	},
	"dependencies": {
		"@jafri/numbro": {
			"version": "2.3.3",
			"resolved": "https://registry.npmjs.org/@jafri/numbro/-/numbro-2.3.3.tgz",
			"integrity": "sha512-ybPYLHXJSn6uFXRWoVSDnLrgy5mkVTgsyr2Q5ZNb76P9NNbWcuxzPMVUfpuNGIGlOQ5p+Z5EzOCwJyeEC9ox8Q==",
			"requires": {
				"bignumber.js": "^9.0.1"
			}
		},
		"bignumber.js": {
			"version": "9.0.1",
			"resolved": "https://registry.npmjs.org/bignumber.js/-/bignumber.js-9.0.1.tgz",
			"integrity": "sha512-IdZR9mh6ahOBv/hYGiXyVuyCetmGJhtYkqLBpTStdhEGjegpPlUawydyaF3pbIOFynJTpllEs+NP+CS9jKFLjA=="
		},
		"dayjs": {
			"version": "1.10.5",
			"resolved": "https://registry.npmjs.org/dayjs/-/dayjs-1.10.5.tgz",
			"integrity": "sha512-BUFis41ikLz+65iH6LHQCDm4YPMj5r1YFLdupPIyM4SGcXMmtiLQ7U37i+hGS8urIuqe7I/ou3IS1jVc4nbN4g=="
		}
	}
}
